
Microsoft Visual Studio Solution File, Format Version 12.00
# Visual Studio 2012
Project("{2150E333-8FDC-42A3-9474-1A3956D46DE8}") = "Bus", "Bus", "{E72CEFC9-093E-4F67-98D8-0AD7E7291FE5}"
EndProject
Project("{2150E333-8FDC-42A3-9474-1A3956D46DE8}") = "Core", "Core", "{2FEABB4C-7BAA-4952-9F39-E80CB0075CCC}"
EndProject
Project("{2150E333-8FDC-42A3-9474-1A3956D46DE8}") = "Data", "Data", "{4D84FF83-3DF5-441F-89F1-806E5E4541C1}"
EndProject
Project("{FAE04EC0-301F-11D3-BF4B-00C04F79EFBC}") = "com.hattai.bus.core", "Bus\com.hattai.bus.core\com.hattai.bus.core.csproj", "{F3618C32-C0E8-4FFE-B8A7-9FA0ABB1ECEC}"
EndProject
Project("{FAE04EC0-301F-11D3-BF4B-00C04F79EFBC}") = "com.hattai.core", "Core\com.hattai.core\com.hattai.core.csproj", "{3D316421-D322-48BF-ADD5-A356EC663EE1}"
EndProject
Project("{FAE04EC0-301F-11D3-BF4B-00C04F79EFBC}") = "com.hattai.payments", "Core\com.hattai.payments\com.hattai.payments.csproj", "{1B3CF805-243D-46B9-92A6-6C0DF8D02BB5}"
EndProject
Project("{FAE04EC0-301F-11D3-BF4B-00C04F79EFBC}") = "com.hattai.encryption", "Core\com.hattai.encryption\com.hattai.encryption.csproj", "{3521F3E4-3503-47A7-B8B3-21735C240A84}"
EndProject
Project("{FAE04EC0-301F-11D3-BF4B-00C04F79EFBC}") = "com.hattai.data", "Data\com.hattai.data\com.hattai.data.csproj", "{35D8A917-7AC8-4C28-9267-F3D8D3B7659E}"
EndProject
Project("{FAE04EC0-301F-11D3-BF4B-00C04F79EFBC}") = "com.hattai.image", "Core\com.hattai.image\com.hattai.image.csproj", "{95C6B78B-5CFE-4AD8-BD96-9BA4FC6F16B3}"
EndProject
Project("{FAE04EC0-301F-11D3-BF4B-00C04F79EFBC}") = "com.hattai.mappers", "Data\com.hattai.mappers\com.hattai.mappers.csproj", "{6FCFFE8C-F93E-4D22-8703-4E6E8098784B}"
EndProject
Project("{FAE04EC0-301F-11D3-BF4B-00C04F79EFBC}") = "com.hattai.procedures", "Data\com.hattai.procedures\com.hattai.procedures.csproj", "{7C7C9A38-789F-4FA1-84F9-917F07CB65DA}"
EndProject
Project("{FAE04EC0-301F-11D3-BF4B-00C04F79EFBC}") = "com.hattai.wrappers", "Data\com.hattai.wrappers\com.hattai.wrappers.csproj", "{69AECD6F-3957-49E3-A514-94A6DA5BA80C}"
EndProject
Project("{2150E333-8FDC-42A3-9474-1A3956D46DE8}") = "Framework", "Framework", "{33DBFF31-2D6D-4715-AFFB-BB71E2D37C18}"
EndProject
Project("{2150E333-8FDC-42A3-9474-1A3956D46DE8}") = "Pool", "Pool", "{FE189464-2A31-42B1-9BAF-C740380F9AA6}"
EndProject
Project("{2150E333-8FDC-42A3-9474-1A3956D46DE8}") = "Host", "Host", "{5A62FC54-AFCE-4F12-86C8-3DA918E49AD4}"
EndProject
Project("{2150E333-8FDC-42A3-9474-1A3956D46DE8}") = "Service", "Service", "{72D7632E-9F7A-4D42-96FE-A812C067E435}"
EndProject
Project("{2150E333-8FDC-42A3-9474-1A3956D46DE8}") = "Business", "Business", "{0106B082-1B4C-4711-917A-FE7260F5FDE2}"
EndProject
Project("{FAE04EC0-301F-11D3-BF4B-00C04F79EFBC}") = "com.hattai.business", "Business\com.hattai.business\com.hattai.business.csproj", "{419B4611-A88A-462C-A567-B04EE3AD1604}"
EndProject
Project("{FAE04EC0-301F-11D3-BF4B-00C04F79EFBC}") = "com.hattai.facades", "Data\com.hattai.facades\com.hattai.facades.csproj", "{3A186D8B-625E-4B55-8E00-EB071B65FB88}"
EndProject
Project("{FAE04EC0-301F-11D3-BF4B-00C04F79EFBC}") = "com.hattai.injectors", "Data\com.hattai.injectors\com.hattai.injectors.csproj", "{ABE06291-BA93-4D00-88D0-067D746C7478}"
EndProject
Project("{FAE04EC0-301F-11D3-BF4B-00C04F79EFBC}") = "com.hattai.host", "Host\com.hattai.host\com.hattai.host.csproj", "{DD1F5015-D610-442D-9049-9B82EAAF24FD}"
EndProject
Project("{FAE04EC0-301F-11D3-BF4B-00C04F79EFBC}") = "com.hattai.contracts", "Service\com.hattai.contracts\com.hattai.contracts.csproj", "{BB67C899-C348-4743-A7BB-587D059E9F8D}"
EndProject
Project("{FAE04EC0-301F-11D3-BF4B-00C04F79EFBC}") = "com.hattai.endpoints", "Service\com.hattai.endpoints\com.hattai.endpoints.csproj", "{191F6606-4C9E-4A65-93F4-218F31C43C69}"
EndProject
Project("{2150E333-8FDC-42A3-9474-1A3956D46DE8}") = "Listener", "Listener", "{6ECE3B3B-DE18-4CCD-8635-8FBF4374E154}"
EndProject
Project("{FAE04EC0-301F-11D3-BF4B-00C04F79EFBC}") = "com.hattai.listener", "Listener\com.hattai.listener\com.hattai.listener.csproj", "{E60FEA00-B3BA-4652-8BE4-EF56DD7DDF51}"
EndProject
Project("{FAE04EC0-301F-11D3-BF4B-00C04F79EFBC}") = "com.hattai.listener.presenter", "Listener\com.hattai.listener.presenter\com.hattai.listener.presenter.csproj", "{89BB17CA-C0AB-4A39-8691-34514267F045}"
	ProjectSection(ProjectDependencies) = postProject
		{DD1F5015-D610-442D-9049-9B82EAAF24FD} = {DD1F5015-D610-442D-9049-9B82EAAF24FD}
	EndProjectSection
EndProject
Global
	GlobalSection(SolutionConfigurationPlatforms) = preSolution
		Debug|Any CPU = Debug|Any CPU
		Release|Any CPU = Release|Any CPU
	EndGlobalSection
	GlobalSection(ProjectConfigurationPlatforms) = postSolution
		{F3618C32-C0E8-4FFE-B8A7-9FA0ABB1ECEC}.Debug|Any CPU.ActiveCfg = Debug|Any CPU
		{F3618C32-C0E8-4FFE-B8A7-9FA0ABB1ECEC}.Debug|Any CPU.Build.0 = Debug|Any CPU
		{F3618C32-C0E8-4FFE-B8A7-9FA0ABB1ECEC}.Release|Any CPU.ActiveCfg = Release|Any CPU
		{F3618C32-C0E8-4FFE-B8A7-9FA0ABB1ECEC}.Release|Any CPU.Build.0 = Release|Any CPU
		{3D316421-D322-48BF-ADD5-A356EC663EE1}.Debug|Any CPU.ActiveCfg = Debug|Any CPU
		{3D316421-D322-48BF-ADD5-A356EC663EE1}.Debug|Any CPU.Build.0 = Debug|Any CPU
		{3D316421-D322-48BF-ADD5-A356EC663EE1}.Release|Any CPU.ActiveCfg = Release|Any CPU
		{3D316421-D322-48BF-ADD5-A356EC663EE1}.Release|Any CPU.Build.0 = Release|Any CPU
		{1B3CF805-243D-46B9-92A6-6C0DF8D02BB5}.Debug|Any CPU.ActiveCfg = Debug|Any CPU
		{1B3CF805-243D-46B9-92A6-6C0DF8D02BB5}.Debug|Any CPU.Build.0 = Debug|Any CPU
		{1B3CF805-243D-46B9-92A6-6C0DF8D02BB5}.Release|Any CPU.ActiveCfg = Release|Any CPU
		{1B3CF805-243D-46B9-92A6-6C0DF8D02BB5}.Release|Any CPU.Build.0 = Release|Any CPU
		{3521F3E4-3503-47A7-B8B3-21735C240A84}.Debug|Any CPU.ActiveCfg = Debug|Any CPU
		{3521F3E4-3503-47A7-B8B3-21735C240A84}.Debug|Any CPU.Build.0 = Debug|Any CPU
		{3521F3E4-3503-47A7-B8B3-21735C240A84}.Release|Any CPU.ActiveCfg = Release|Any CPU
		{3521F3E4-3503-47A7-B8B3-21735C240A84}.Release|Any CPU.Build.0 = Release|Any CPU
		{35D8A917-7AC8-4C28-9267-F3D8D3B7659E}.Debug|Any CPU.ActiveCfg = Debug|Any CPU
		{35D8A917-7AC8-4C28-9267-F3D8D3B7659E}.Debug|Any CPU.Build.0 = Debug|Any CPU
		{35D8A917-7AC8-4C28-9267-F3D8D3B7659E}.Release|Any CPU.ActiveCfg = Release|Any CPU
		{35D8A917-7AC8-4C28-9267-F3D8D3B7659E}.Release|Any CPU.Build.0 = Release|Any CPU
		{95C6B78B-5CFE-4AD8-BD96-9BA4FC6F16B3}.Debug|Any CPU.ActiveCfg = Debug|Any CPU
		{95C6B78B-5CFE-4AD8-BD96-9BA4FC6F16B3}.Debug|Any CPU.Build.0 = Debug|Any CPU
		{95C6B78B-5CFE-4AD8-BD96-9BA4FC6F16B3}.Release|Any CPU.ActiveCfg = Release|Any CPU
		{95C6B78B-5CFE-4AD8-BD96-9BA4FC6F16B3}.Release|Any CPU.Build.0 = Release|Any CPU
		{6FCFFE8C-F93E-4D22-8703-4E6E8098784B}.Debug|Any CPU.ActiveCfg = Debug|Any CPU
		{6FCFFE8C-F93E-4D22-8703-4E6E8098784B}.Debug|Any CPU.Build.0 = Debug|Any CPU
		{6FCFFE8C-F93E-4D22-8703-4E6E8098784B}.Release|Any CPU.ActiveCfg = Release|Any CPU
		{6FCFFE8C-F93E-4D22-8703-4E6E8098784B}.Release|Any CPU.Build.0 = Release|Any CPU
		{7C7C9A38-789F-4FA1-84F9-917F07CB65DA}.Debug|Any CPU.ActiveCfg = Debug|Any CPU
		{7C7C9A38-789F-4FA1-84F9-917F07CB65DA}.Debug|Any CPU.Build.0 = Debug|Any CPU
		{7C7C9A38-789F-4FA1-84F9-917F07CB65DA}.Release|Any CPU.ActiveCfg = Release|Any CPU
		{7C7C9A38-789F-4FA1-84F9-917F07CB65DA}.Release|Any CPU.Build.0 = Release|Any CPU
		{69AECD6F-3957-49E3-A514-94A6DA5BA80C}.Debug|Any CPU.ActiveCfg = Debug|Any CPU
		{69AECD6F-3957-49E3-A514-94A6DA5BA80C}.Debug|Any CPU.Build.0 = Debug|Any CPU
		{69AECD6F-3957-49E3-A514-94A6DA5BA80C}.Release|Any CPU.ActiveCfg = Release|Any CPU
		{69AECD6F-3957-49E3-A514-94A6DA5BA80C}.Release|Any CPU.Build.0 = Release|Any CPU
		{419B4611-A88A-462C-A567-B04EE3AD1604}.Debug|Any CPU.ActiveCfg = Debug|Any CPU
		{419B4611-A88A-462C-A567-B04EE3AD1604}.Debug|Any CPU.Build.0 = Debug|Any CPU
		{419B4611-A88A-462C-A567-B04EE3AD1604}.Release|Any CPU.ActiveCfg = Release|Any CPU
		{419B4611-A88A-462C-A567-B04EE3AD1604}.Release|Any CPU.Build.0 = Release|Any CPU
		{3A186D8B-625E-4B55-8E00-EB071B65FB88}.Debug|Any CPU.ActiveCfg = Debug|Any CPU
		{3A186D8B-625E-4B55-8E00-EB071B65FB88}.Debug|Any CPU.Build.0 = Debug|Any CPU
		{3A186D8B-625E-4B55-8E00-EB071B65FB88}.Release|Any CPU.ActiveCfg = Release|Any CPU
		{3A186D8B-625E-4B55-8E00-EB071B65FB88}.Release|Any CPU.Build.0 = Release|Any CPU
		{ABE06291-BA93-4D00-88D0-067D746C7478}.Debug|Any CPU.ActiveCfg = Debug|Any CPU
		{ABE06291-BA93-4D00-88D0-067D746C7478}.Debug|Any CPU.Build.0 = Debug|Any CPU
		{ABE06291-BA93-4D00-88D0-067D746C7478}.Release|Any CPU.ActiveCfg = Release|Any CPU
		{ABE06291-BA93-4D00-88D0-067D746C7478}.Release|Any CPU.Build.0 = Release|Any CPU
		{DD1F5015-D610-442D-9049-9B82EAAF24FD}.Debug|Any CPU.ActiveCfg = Debug|Any CPU
		{DD1F5015-D610-442D-9049-9B82EAAF24FD}.Debug|Any CPU.Build.0 = Debug|Any CPU
		{DD1F5015-D610-442D-9049-9B82EAAF24FD}.Release|Any CPU.ActiveCfg = Release|Any CPU
		{DD1F5015-D610-442D-9049-9B82EAAF24FD}.Release|Any CPU.Build.0 = Release|Any CPU
		{BB67C899-C348-4743-A7BB-587D059E9F8D}.Debug|Any CPU.ActiveCfg = Debug|Any CPU
		{BB67C899-C348-4743-A7BB-587D059E9F8D}.Debug|Any CPU.Build.0 = Debug|Any CPU
		{BB67C899-C348-4743-A7BB-587D059E9F8D}.Release|Any CPU.ActiveCfg = Release|Any CPU
		{BB67C899-C348-4743-A7BB-587D059E9F8D}.Release|Any CPU.Build.0 = Release|Any CPU
		{191F6606-4C9E-4A65-93F4-218F31C43C69}.Debug|Any CPU.ActiveCfg = Debug|Any CPU
		{191F6606-4C9E-4A65-93F4-218F31C43C69}.Debug|Any CPU.Build.0 = Debug|Any CPU
		{191F6606-4C9E-4A65-93F4-218F31C43C69}.Release|Any CPU.ActiveCfg = Release|Any CPU
		{191F6606-4C9E-4A65-93F4-218F31C43C69}.Release|Any CPU.Build.0 = Release|Any CPU
		{E60FEA00-B3BA-4652-8BE4-EF56DD7DDF51}.Debug|Any CPU.ActiveCfg = Debug|Any CPU
		{E60FEA00-B3BA-4652-8BE4-EF56DD7DDF51}.Debug|Any CPU.Build.0 = Debug|Any CPU
		{E60FEA00-B3BA-4652-8BE4-EF56DD7DDF51}.Release|Any CPU.ActiveCfg = Release|Any CPU
		{E60FEA00-B3BA-4652-8BE4-EF56DD7DDF51}.Release|Any CPU.Build.0 = Release|Any CPU
		{89BB17CA-C0AB-4A39-8691-34514267F045}.Debug|Any CPU.ActiveCfg = Debug|Any CPU
		{89BB17CA-C0AB-4A39-8691-34514267F045}.Debug|Any CPU.Build.0 = Debug|Any CPU
		{89BB17CA-C0AB-4A39-8691-34514267F045}.Release|Any CPU.ActiveCfg = Release|Any CPU
		{89BB17CA-C0AB-4A39-8691-34514267F045}.Release|Any CPU.Build.0 = Release|Any CPU
	EndGlobalSection
	GlobalSection(SolutionProperties) = preSolution
		HideSolutionNode = FALSE
	EndGlobalSection
	GlobalSection(NestedProjects) = preSolution
		{F3618C32-C0E8-4FFE-B8A7-9FA0ABB1ECEC} = {E72CEFC9-093E-4F67-98D8-0AD7E7291FE5}
		{3D316421-D322-48BF-ADD5-A356EC663EE1} = {2FEABB4C-7BAA-4952-9F39-E80CB0075CCC}
		{1B3CF805-243D-46B9-92A6-6C0DF8D02BB5} = {2FEABB4C-7BAA-4952-9F39-E80CB0075CCC}
		{3521F3E4-3503-47A7-B8B3-21735C240A84} = {2FEABB4C-7BAA-4952-9F39-E80CB0075CCC}
		{95C6B78B-5CFE-4AD8-BD96-9BA4FC6F16B3} = {2FEABB4C-7BAA-4952-9F39-E80CB0075CCC}
		{35D8A917-7AC8-4C28-9267-F3D8D3B7659E} = {4D84FF83-3DF5-441F-89F1-806E5E4541C1}
		{6FCFFE8C-F93E-4D22-8703-4E6E8098784B} = {4D84FF83-3DF5-441F-89F1-806E5E4541C1}
		{7C7C9A38-789F-4FA1-84F9-917F07CB65DA} = {4D84FF83-3DF5-441F-89F1-806E5E4541C1}
		{69AECD6F-3957-49E3-A514-94A6DA5BA80C} = {4D84FF83-3DF5-441F-89F1-806E5E4541C1}
		{3A186D8B-625E-4B55-8E00-EB071B65FB88} = {4D84FF83-3DF5-441F-89F1-806E5E4541C1}
		{ABE06291-BA93-4D00-88D0-067D746C7478} = {4D84FF83-3DF5-441F-89F1-806E5E4541C1}
		{E72CEFC9-093E-4F67-98D8-0AD7E7291FE5} = {33DBFF31-2D6D-4715-AFFB-BB71E2D37C18}
		{2FEABB4C-7BAA-4952-9F39-E80CB0075CCC} = {33DBFF31-2D6D-4715-AFFB-BB71E2D37C18}
		{4D84FF83-3DF5-441F-89F1-806E5E4541C1} = {33DBFF31-2D6D-4715-AFFB-BB71E2D37C18}
		{5A62FC54-AFCE-4F12-86C8-3DA918E49AD4} = {FE189464-2A31-42B1-9BAF-C740380F9AA6}
		{72D7632E-9F7A-4D42-96FE-A812C067E435} = {FE189464-2A31-42B1-9BAF-C740380F9AA6}
		{0106B082-1B4C-4711-917A-FE7260F5FDE2} = {FE189464-2A31-42B1-9BAF-C740380F9AA6}
		{6ECE3B3B-DE18-4CCD-8635-8FBF4374E154} = {FE189464-2A31-42B1-9BAF-C740380F9AA6}
		{DD1F5015-D610-442D-9049-9B82EAAF24FD} = {5A62FC54-AFCE-4F12-86C8-3DA918E49AD4}
		{BB67C899-C348-4743-A7BB-587D059E9F8D} = {72D7632E-9F7A-4D42-96FE-A812C067E435}
		{191F6606-4C9E-4A65-93F4-218F31C43C69} = {72D7632E-9F7A-4D42-96FE-A812C067E435}
		{419B4611-A88A-462C-A567-B04EE3AD1604} = {0106B082-1B4C-4711-917A-FE7260F5FDE2}
		{E60FEA00-B3BA-4652-8BE4-EF56DD7DDF51} = {6ECE3B3B-DE18-4CCD-8635-8FBF4374E154}
		{89BB17CA-C0AB-4A39-8691-34514267F045} = {6ECE3B3B-DE18-4CCD-8635-8FBF4374E154}
	EndGlobalSection
EndGlobal
